
Microsoft Visual Studio Solution File, Format Version 12.00
Project("{FAE04EC0-301F-11D3-BF4B-00C04F79EFBC}") = "WASM", "WASM\WASM.csproj", "{63C27D2B-3F18-41EC-90D3-91C4FC4BCEDD}"
EndProject
Project("{FAE04EC0-301F-11D3-BF4B-00C04F79EFBC}") = "GrpcService", "GrpcService\GrpcService.csproj", "{439E5393-18ED-4A0C-92AF-383F620DA620}"
EndProject
Project("{FAE04EC0-301F-11D3-BF4B-00C04F79EFBC}") = "DAL", "DAL\DAL.csproj", "{7E510D05-B12D-4925-A330-46F6679EEA5C}"
EndProject
Project("{FAE04EC0-301F-11D3-BF4B-00C04F79EFBC}") = "BLL", "BLL\BLL.csproj", "{A0361806-A681-4605-96F5-665DB22E5ED9}"
EndProject
Project("{FAE04EC0-301F-11D3-BF4B-00C04F79EFBC}") = "API", "API\API.csproj", "{B376CE25-7307-4CFE-85E9-61F2A4BA3828}"
EndProject
Project("{FAE04EC0-301F-11D3-BF4B-00C04F79EFBC}") = "NativeAOT", "NativeAOT\NativeAOT.csproj", "{BA7857EC-A112-40F1-9164-1BE1E189482B}"
EndProject
Project("{FAE04EC0-301F-11D3-BF4B-00C04F79EFBC}") = "WorkerService", "WorkerService\WorkerService.csproj", "{09B95251-A394-4D35-AEB9-794D172B3282}"
EndProject
Project("{FAE04EC0-301F-11D3-BF4B-00C04F79EFBC}") = "TestProject", "TestProject\TestProject.csproj", "{C4D519C5-5F22-4C93-A257-C153C94436F7}"
EndProject
Global
	GlobalSection(SolutionConfigurationPlatforms) = preSolution
		Debug|Any CPU = Debug|Any CPU
		Release|Any CPU = Release|Any CPU
	EndGlobalSection
	GlobalSection(ProjectConfigurationPlatforms) = postSolution
		{63C27D2B-3F18-41EC-90D3-91C4FC4BCEDD}.Debug|Any CPU.ActiveCfg = Debug|Any CPU
		{63C27D2B-3F18-41EC-90D3-91C4FC4BCEDD}.Debug|Any CPU.Build.0 = Debug|Any CPU
		{63C27D2B-3F18-41EC-90D3-91C4FC4BCEDD}.Release|Any CPU.ActiveCfg = Release|Any CPU
		{63C27D2B-3F18-41EC-90D3-91C4FC4BCEDD}.Release|Any CPU.Build.0 = Release|Any CPU
		{439E5393-18ED-4A0C-92AF-383F620DA620}.Debug|Any CPU.ActiveCfg = Debug|Any CPU
		{439E5393-18ED-4A0C-92AF-383F620DA620}.Debug|Any CPU.Build.0 = Debug|Any CPU
		{439E5393-18ED-4A0C-92AF-383F620DA620}.Release|Any CPU.ActiveCfg = Release|Any CPU
		{439E5393-18ED-4A0C-92AF-383F620DA620}.Release|Any CPU.Build.0 = Release|Any CPU
		{7E510D05-B12D-4925-A330-46F6679EEA5C}.Debug|Any CPU.ActiveCfg = Debug|Any CPU
		{7E510D05-B12D-4925-A330-46F6679EEA5C}.Debug|Any CPU.Build.0 = Debug|Any CPU
		{7E510D05-B12D-4925-A330-46F6679EEA5C}.Release|Any CPU.ActiveCfg = Release|Any CPU
		{7E510D05-B12D-4925-A330-46F6679EEA5C}.Release|Any CPU.Build.0 = Release|Any CPU
		{A0361806-A681-4605-96F5-665DB22E5ED9}.Debug|Any CPU.ActiveCfg = Debug|Any CPU
		{A0361806-A681-4605-96F5-665DB22E5ED9}.Debug|Any CPU.Build.0 = Debug|Any CPU
		{A0361806-A681-4605-96F5-665DB22E5ED9}.Release|Any CPU.ActiveCfg = Release|Any CPU
		{A0361806-A681-4605-96F5-665DB22E5ED9}.Release|Any CPU.Build.0 = Release|Any CPU
		{B376CE25-7307-4CFE-85E9-61F2A4BA3828}.Debug|Any CPU.ActiveCfg = Debug|Any CPU
		{B376CE25-7307-4CFE-85E9-61F2A4BA3828}.Debug|Any CPU.Build.0 = Debug|Any CPU
		{B376CE25-7307-4CFE-85E9-61F2A4BA3828}.Release|Any CPU.ActiveCfg = Release|Any CPU
		{B376CE25-7307-4CFE-85E9-61F2A4BA3828}.Release|Any CPU.Build.0 = Release|Any CPU
		{BA7857EC-A112-40F1-9164-1BE1E189482B}.Debug|Any CPU.ActiveCfg = Debug|Any CPU
		{BA7857EC-A112-40F1-9164-1BE1E189482B}.Debug|Any CPU.Build.0 = Debug|Any CPU
		{BA7857EC-A112-40F1-9164-1BE1E189482B}.Release|Any CPU.ActiveCfg = Release|Any CPU
		{BA7857EC-A112-40F1-9164-1BE1E189482B}.Release|Any CPU.Build.0 = Release|Any CPU
		{09B95251-A394-4D35-AEB9-794D172B3282}.Debug|Any CPU.ActiveCfg = Debug|Any CPU
		{09B95251-A394-4D35-AEB9-794D172B3282}.Debug|Any CPU.Build.0 = Debug|Any CPU
		{09B95251-A394-4D35-AEB9-794D172B3282}.Release|Any CPU.ActiveCfg = Release|Any CPU
		{09B95251-A394-4D35-AEB9-794D172B3282}.Release|Any CPU.Build.0 = Release|Any CPU
		{C4D519C5-5F22-4C93-A257-C153C94436F7}.Debug|Any CPU.ActiveCfg = Debug|Any CPU
		{C4D519C5-5F22-4C93-A257-C153C94436F7}.Debug|Any CPU.Build.0 = Debug|Any CPU
		{C4D519C5-5F22-4C93-A257-C153C94436F7}.Release|Any CPU.ActiveCfg = Release|Any CPU
		{C4D519C5-5F22-4C93-A257-C153C94436F7}.Release|Any CPU.Build.0 = Release|Any CPU
	EndGlobalSection
EndGlobal
